
Microsoft Visual Studio Solution File, Format Version 12.00
# Visual Studio 14
VisualStudioVersion = 14.0.25420.1
MinimumVisualStudioVersion = 10.0.40219.1
Project("{FAE04EC0-301F-11D3-BF4B-00C04F79EFBC}") = "Nik.Advanced", "Nik.Advanced\Nik.Advanced.csproj", "{57FC98C8-DB1A-4417-B547-DB6FE8C29BA8}"
EndProject
Project("{FAE04EC0-301F-11D3-BF4B-00C04F79EFBC}") = "Nik.Advanced.Model", "Nik.Advanced.Model\Nik.Advanced.Model.csproj", "{54E2E239-1810-4D64-B035-FE87B85ACA51}"
EndProject
Project("{FAE04EC0-301F-11D3-BF4B-00C04F79EFBC}") = "Nik.Advanced.Business.Service", "Nik.Advanced.Business.Service\Nik.Advanced.Business.Service.csproj", "{3DB2BCBB-C123-4E8D-B5B2-4064667192B0}"
EndProject
Project("{2150E333-8FDC-42A3-9474-1A3956D46DE8}") = "Common", "Common", "{73C2C352-89C2-4B3E-B2EA-67949CA943BB}"
EndProject
Project("{2150E333-8FDC-42A3-9474-1A3956D46DE8}") = "Business", "Business", "{EB583E2D-BAF3-404A-8579-28BECD43BC54}"
EndProject
Project("{2150E333-8FDC-42A3-9474-1A3956D46DE8}") = "Client", "Client", "{EF1D7DA0-0C57-42BC-A851-736F7A9DC45C}"
EndProject
Project("{FAE04EC0-301F-11D3-BF4B-00C04F79EFBC}") = "Nik.Advanced.Business.Interface", "Nik.Advanced.Business.Interface\Nik.Advanced.Business.Interface.csproj", "{1D853B78-B5C2-4432-A5B5-A852C06FA459}"
EndProject
Project("{FAE04EC0-301F-11D3-BF4B-00C04F79EFBC}") = "Nik.Advanced.Framework", "Nik.Advanced.Framework\Nik.Advanced.Framework.csproj", "{8793BC12-0E29-4FD9-8EEC-21A02791E88B}"
EndProject
Project("{FAE04EC0-301F-11D3-BF4B-00C04F79EFBC}") = "Nik.Advanced.Mvc", "Nik.Advanced.Mvc\Nik.Advanced.Mvc.csproj", "{989CABE5-E4F5-486E-831B-848EEE529104}"
EndProject
Global
	GlobalSection(SolutionConfigurationPlatforms) = preSolution
		Debug|Any CPU = Debug|Any CPU
		Release|Any CPU = Release|Any CPU
	EndGlobalSection
	GlobalSection(ProjectConfigurationPlatforms) = postSolution
		{57FC98C8-DB1A-4417-B547-DB6FE8C29BA8}.Debug|Any CPU.ActiveCfg = Debug|Any CPU
		{57FC98C8-DB1A-4417-B547-DB6FE8C29BA8}.Debug|Any CPU.Build.0 = Debug|Any CPU
		{57FC98C8-DB1A-4417-B547-DB6FE8C29BA8}.Release|Any CPU.ActiveCfg = Release|Any CPU
		{57FC98C8-DB1A-4417-B547-DB6FE8C29BA8}.Release|Any CPU.Build.0 = Release|Any CPU
		{54E2E239-1810-4D64-B035-FE87B85ACA51}.Debug|Any CPU.ActiveCfg = Debug|Any CPU
		{54E2E239-1810-4D64-B035-FE87B85ACA51}.Debug|Any CPU.Build.0 = Debug|Any CPU
		{54E2E239-1810-4D64-B035-FE87B85ACA51}.Release|Any CPU.ActiveCfg = Release|Any CPU
		{54E2E239-1810-4D64-B035-FE87B85ACA51}.Release|Any CPU.Build.0 = Release|Any CPU
		{3DB2BCBB-C123-4E8D-B5B2-4064667192B0}.Debug|Any CPU.ActiveCfg = Debug|Any CPU
		{3DB2BCBB-C123-4E8D-B5B2-4064667192B0}.Debug|Any CPU.Build.0 = Debug|Any CPU
		{3DB2BCBB-C123-4E8D-B5B2-4064667192B0}.Release|Any CPU.ActiveCfg = Release|Any CPU
		{3DB2BCBB-C123-4E8D-B5B2-4064667192B0}.Release|Any CPU.Build.0 = Release|Any CPU
		{1D853B78-B5C2-4432-A5B5-A852C06FA459}.Debug|Any CPU.ActiveCfg = Debug|Any CPU
		{1D853B78-B5C2-4432-A5B5-A852C06FA459}.Debug|Any CPU.Build.0 = Debug|Any CPU
		{1D853B78-B5C2-4432-A5B5-A852C06FA459}.Release|Any CPU.ActiveCfg = Release|Any CPU
		{1D853B78-B5C2-4432-A5B5-A852C06FA459}.Release|Any CPU.Build.0 = Release|Any CPU
		{8793BC12-0E29-4FD9-8EEC-21A02791E88B}.Debug|Any CPU.ActiveCfg = Debug|Any CPU
		{8793BC12-0E29-4FD9-8EEC-21A02791E88B}.Debug|Any CPU.Build.0 = Debug|Any CPU
		{8793BC12-0E29-4FD9-8EEC-21A02791E88B}.Release|Any CPU.ActiveCfg = Release|Any CPU
		{8793BC12-0E29-4FD9-8EEC-21A02791E88B}.Release|Any CPU.Build.0 = Release|Any CPU
		{989CABE5-E4F5-486E-831B-848EEE529104}.Debug|Any CPU.ActiveCfg = Debug|Any CPU
		{989CABE5-E4F5-486E-831B-848EEE529104}.Debug|Any CPU.Build.0 = Debug|Any CPU
		{989CABE5-E4F5-486E-831B-848EEE529104}.Release|Any CPU.ActiveCfg = Release|Any CPU
		{989CABE5-E4F5-486E-831B-848EEE529104}.Release|Any CPU.Build.0 = Release|Any CPU
	EndGlobalSection
	GlobalSection(SolutionProperties) = preSolution
		HideSolutionNode = FALSE
	EndGlobalSection
	GlobalSection(NestedProjects) = preSolution
		{57FC98C8-DB1A-4417-B547-DB6FE8C29BA8} = {EF1D7DA0-0C57-42BC-A851-736F7A9DC45C}
		{54E2E239-1810-4D64-B035-FE87B85ACA51} = {EB583E2D-BAF3-404A-8579-28BECD43BC54}
		{3DB2BCBB-C123-4E8D-B5B2-4064667192B0} = {EB583E2D-BAF3-404A-8579-28BECD43BC54}
		{1D853B78-B5C2-4432-A5B5-A852C06FA459} = {EB583E2D-BAF3-404A-8579-28BECD43BC54}
		{8793BC12-0E29-4FD9-8EEC-21A02791E88B} = {73C2C352-89C2-4B3E-B2EA-67949CA943BB}
		{989CABE5-E4F5-486E-831B-848EEE529104} = {EF1D7DA0-0C57-42BC-A851-736F7A9DC45C}
	EndGlobalSection
EndGlobal
